
Microsoft Visual Studio Solution File, Format Version 12.00
# Visual Studio Version 16
VisualStudioVersion = 16.0.30523.141
MinimumVisualStudioVersion = 10.0.40219.1
Project("{FAE04EC0-301F-11D3-BF4B-00C04F79EFBC}") = "SmartAuth", "SmartAuth.csproj", "{A0E2E70A-6F6B-4882-B71F-C31847B6EDAD}"
EndProject
Global
	GlobalSection(SolutionConfigurationPlatforms) = preSolution
		Debug|Any CPU = Debug|Any CPU
		Release|Any CPU = Release|Any CPU
	EndGlobalSection
	GlobalSection(ProjectConfigurationPlatforms) = postSolution
		{A0E2E70A-6F6B-4882-B71F-C31847B6EDAD}.Debug|Any CPU.ActiveCfg = Debug|Any CPU
		{A0E2E70A-6F6B-4882-B71F-C31847B6EDAD}.Debug|Any CPU.Build.0 = Debug|Any CPU
		{A0E2E70A-6F6B-4882-B71F-C31847B6EDAD}.Release|Any CPU.ActiveCfg = Release|Any CPU
		{A0E2E70A-6F6B-4882-B71F-C31847B6EDAD}.Release|Any CPU.Build.0 = Release|Any CPU
	EndGlobalSection
	GlobalSection(SolutionProperties) = preSolution
		HideSolutionNode = FALSE
	EndGlobalSection
	GlobalSection(ExtensibilityGlobals) = postSolution
		SolutionGuid = {A313FD03-9CB1-4ED0-87EB-71F78C029BF1}
	EndGlobalSection
EndGlobal
